
Microsoft Visual Studio Solution File, Format Version 12.00
# Visual Studio Version 17
VisualStudioVersion = 17.5.33424.131
MinimumVisualStudioVersion = 10.0.40219.1
Project("{2150E333-8FDC-42A3-9474-1A3956D46DE8}") = "Systems", "Systems", "{CD03EF97-47DC-49C8-BFFA-5C1985AE06A6}"
EndProject
Project("{2150E333-8FDC-42A3-9474-1A3956D46DE8}") = "Shared", "Shared", "{0EF09816-9634-497D-89F4-0A05F008D6E7}"
EndProject
Project("{2150E333-8FDC-42A3-9474-1A3956D46DE8}") = "API", "API", "{E64BDBBD-D165-4B2B-80DA-CE117F89C9FC}"
EndProject
Project("{2150E333-8FDC-42A3-9474-1A3956D46DE8}") = "Identity", "Identity", "{60FD881F-D438-48B5-83F2-1253720ACD86}"
EndProject
Project("{9A19103F-16F7-4668-BE54-9A1E7A4F7556}") = "DSRCourseProject.Api", "Systems\Api\DSRCourseProject.Api\DSRCourseProject.Api.csproj", "{ECF4AA40-9620-47BB-A0A6-3531965CE9D5}"
EndProject
Project("{9A19103F-16F7-4668-BE54-9A1E7A4F7556}") = "DSRCourseProject.Api.Settings", "Systems\Api\DSRCourseProject.Api.Settings\DSRCourseProject.Api.Settings.csproj", "{F75B4493-8674-4BE4-9EE0-71990BD636F4}"
EndProject
Project("{9A19103F-16F7-4668-BE54-9A1E7A4F7556}") = "DSRCourseProject.Common", "Shared\DSRCourseProject.Common\DSRCourseProject.Common.csproj", "{78F7712E-12B7-4F93-9A57-A7E597189118}"
EndProject
Project("{9A19103F-16F7-4668-BE54-9A1E7A4F7556}") = "DSRCourseProject.Settings", "Shared\DSRCourseProject.Settings\DSRCourseProject.Settings.csproj", "{5D347A47-C2F9-4922-9257-DF393D315356}"
EndProject
Project("{2150E333-8FDC-42A3-9474-1A3956D46DE8}") = "Services", "Services", "{F10E9594-354E-4569-87A9-1F890BE13725}"
EndProject
Project("{9A19103F-16F7-4668-BE54-9A1E7A4F7556}") = "DSRCourseProject.Services.Settings", "Services\DSRCourseProject.Services.Settings\DSRCourseProject.Services.Settings.csproj", "{9F9F8483-59BB-4F1D-AA58-D8B56737DA05}"
EndProject
Project("{E53339B2-1760-4266-BCC7-CA923CBCF16C}") = "docker-compose", "docker-compose.dcproj", "{A2D8A99F-F69D-4D9F-B544-1DB511809B3E}"
EndProject
Project("{2150E333-8FDC-42A3-9474-1A3956D46DE8}") = "Data", "Data", "{0E08D125-881A-494B-B61D-4AA73939474A}"
EndProject
Project("{9A19103F-16F7-4668-BE54-9A1E7A4F7556}") = "DSRCourseProject.Context", "Data\DSRCourseProject.Context\DSRCourseProject.Context.csproj", "{AA3F28E9-26E4-448F-BC0A-9E2C85886A26}"
EndProject
Project("{9A19103F-16F7-4668-BE54-9A1E7A4F7556}") = "DSRCourseProject.Context.Entities", "Data\DSRCourseProject.Context.Entities\DSRCourseProject.Context.Entities.csproj", "{9D1896BD-168F-4490-8C69-208056946B7A}"
EndProject
Project("{2150E333-8FDC-42A3-9474-1A3956D46DE8}") = "Migrations", "Migrations", "{D43D458E-2BCA-42B2-A207-B7B4F5FA42F9}"
EndProject
Project("{FAE04EC0-301F-11D3-BF4B-00C04F79EFBC}") = "DSRCourseProject.Context.MigrationsMSSQL", "Data\Migrations\DSRCourseProject.Context.MigrationsMSSQL\DSRCourseProject.Context.MigrationsMSSQL.csproj", "{1C153813-A60A-4704-BA1E-3256AEBBF278}"
EndProject
Project("{FAE04EC0-301F-11D3-BF4B-00C04F79EFBC}") = "DSRCourseProject.Context.MigrationsPostgreSQL", "Data\Migrations\DSRCourseProject.Context.MigrationsPostgreSQL\DSRCourseProject.Context.MigrationsPostgreSQL.csproj", "{77B7C404-36BD-478F-9F7F-F14A1DB8B8A3}"
EndProject
Global
	GlobalSection(SolutionConfigurationPlatforms) = preSolution
		Debug|Any CPU = Debug|Any CPU
		Release|Any CPU = Release|Any CPU
	EndGlobalSection
	GlobalSection(ProjectConfigurationPlatforms) = postSolution
		{ECF4AA40-9620-47BB-A0A6-3531965CE9D5}.Debug|Any CPU.ActiveCfg = Debug|Any CPU
		{ECF4AA40-9620-47BB-A0A6-3531965CE9D5}.Debug|Any CPU.Build.0 = Debug|Any CPU
		{ECF4AA40-9620-47BB-A0A6-3531965CE9D5}.Release|Any CPU.ActiveCfg = Release|Any CPU
		{ECF4AA40-9620-47BB-A0A6-3531965CE9D5}.Release|Any CPU.Build.0 = Release|Any CPU
		{F75B4493-8674-4BE4-9EE0-71990BD636F4}.Debug|Any CPU.ActiveCfg = Debug|Any CPU
		{F75B4493-8674-4BE4-9EE0-71990BD636F4}.Debug|Any CPU.Build.0 = Debug|Any CPU
		{F75B4493-8674-4BE4-9EE0-71990BD636F4}.Release|Any CPU.ActiveCfg = Release|Any CPU
		{F75B4493-8674-4BE4-9EE0-71990BD636F4}.Release|Any CPU.Build.0 = Release|Any CPU
		{78F7712E-12B7-4F93-9A57-A7E597189118}.Debug|Any CPU.ActiveCfg = Debug|Any CPU
		{78F7712E-12B7-4F93-9A57-A7E597189118}.Debug|Any CPU.Build.0 = Debug|Any CPU
		{78F7712E-12B7-4F93-9A57-A7E597189118}.Release|Any CPU.ActiveCfg = Release|Any CPU
		{78F7712E-12B7-4F93-9A57-A7E597189118}.Release|Any CPU.Build.0 = Release|Any CPU
		{5D347A47-C2F9-4922-9257-DF393D315356}.Debug|Any CPU.ActiveCfg = Debug|Any CPU
		{5D347A47-C2F9-4922-9257-DF393D315356}.Debug|Any CPU.Build.0 = Debug|Any CPU
		{5D347A47-C2F9-4922-9257-DF393D315356}.Release|Any CPU.ActiveCfg = Release|Any CPU
		{5D347A47-C2F9-4922-9257-DF393D315356}.Release|Any CPU.Build.0 = Release|Any CPU
		{9F9F8483-59BB-4F1D-AA58-D8B56737DA05}.Debug|Any CPU.ActiveCfg = Debug|Any CPU
		{9F9F8483-59BB-4F1D-AA58-D8B56737DA05}.Debug|Any CPU.Build.0 = Debug|Any CPU
		{9F9F8483-59BB-4F1D-AA58-D8B56737DA05}.Release|Any CPU.ActiveCfg = Release|Any CPU
		{9F9F8483-59BB-4F1D-AA58-D8B56737DA05}.Release|Any CPU.Build.0 = Release|Any CPU
		{A2D8A99F-F69D-4D9F-B544-1DB511809B3E}.Debug|Any CPU.ActiveCfg = Debug|Any CPU
		{A2D8A99F-F69D-4D9F-B544-1DB511809B3E}.Debug|Any CPU.Build.0 = Debug|Any CPU
		{A2D8A99F-F69D-4D9F-B544-1DB511809B3E}.Release|Any CPU.ActiveCfg = Release|Any CPU
		{A2D8A99F-F69D-4D9F-B544-1DB511809B3E}.Release|Any CPU.Build.0 = Release|Any CPU
		{AA3F28E9-26E4-448F-BC0A-9E2C85886A26}.Debug|Any CPU.ActiveCfg = Debug|Any CPU
		{AA3F28E9-26E4-448F-BC0A-9E2C85886A26}.Debug|Any CPU.Build.0 = Debug|Any CPU
		{AA3F28E9-26E4-448F-BC0A-9E2C85886A26}.Release|Any CPU.ActiveCfg = Release|Any CPU
		{AA3F28E9-26E4-448F-BC0A-9E2C85886A26}.Release|Any CPU.Build.0 = Release|Any CPU
		{9D1896BD-168F-4490-8C69-208056946B7A}.Debug|Any CPU.ActiveCfg = Debug|Any CPU
		{9D1896BD-168F-4490-8C69-208056946B7A}.Debug|Any CPU.Build.0 = Debug|Any CPU
		{9D1896BD-168F-4490-8C69-208056946B7A}.Release|Any CPU.ActiveCfg = Release|Any CPU
		{9D1896BD-168F-4490-8C69-208056946B7A}.Release|Any CPU.Build.0 = Release|Any CPU
		{1C153813-A60A-4704-BA1E-3256AEBBF278}.Debug|Any CPU.ActiveCfg = Debug|Any CPU
		{1C153813-A60A-4704-BA1E-3256AEBBF278}.Debug|Any CPU.Build.0 = Debug|Any CPU
		{1C153813-A60A-4704-BA1E-3256AEBBF278}.Release|Any CPU.ActiveCfg = Release|Any CPU
		{1C153813-A60A-4704-BA1E-3256AEBBF278}.Release|Any CPU.Build.0 = Release|Any CPU
		{77B7C404-36BD-478F-9F7F-F14A1DB8B8A3}.Debug|Any CPU.ActiveCfg = Debug|Any CPU
		{77B7C404-36BD-478F-9F7F-F14A1DB8B8A3}.Debug|Any CPU.Build.0 = Debug|Any CPU
		{77B7C404-36BD-478F-9F7F-F14A1DB8B8A3}.Release|Any CPU.ActiveCfg = Release|Any CPU
		{77B7C404-36BD-478F-9F7F-F14A1DB8B8A3}.Release|Any CPU.Build.0 = Release|Any CPU
	EndGlobalSection
	GlobalSection(SolutionProperties) = preSolution
		HideSolutionNode = FALSE
	EndGlobalSection
	GlobalSection(NestedProjects) = preSolution
		{E64BDBBD-D165-4B2B-80DA-CE117F89C9FC} = {CD03EF97-47DC-49C8-BFFA-5C1985AE06A6}
		{60FD881F-D438-48B5-83F2-1253720ACD86} = {CD03EF97-47DC-49C8-BFFA-5C1985AE06A6}
		{ECF4AA40-9620-47BB-A0A6-3531965CE9D5} = {E64BDBBD-D165-4B2B-80DA-CE117F89C9FC}
		{F75B4493-8674-4BE4-9EE0-71990BD636F4} = {E64BDBBD-D165-4B2B-80DA-CE117F89C9FC}
		{78F7712E-12B7-4F93-9A57-A7E597189118} = {0EF09816-9634-497D-89F4-0A05F008D6E7}
		{5D347A47-C2F9-4922-9257-DF393D315356} = {0EF09816-9634-497D-89F4-0A05F008D6E7}
		{9F9F8483-59BB-4F1D-AA58-D8B56737DA05} = {F10E9594-354E-4569-87A9-1F890BE13725}
		{AA3F28E9-26E4-448F-BC0A-9E2C85886A26} = {0E08D125-881A-494B-B61D-4AA73939474A}
		{9D1896BD-168F-4490-8C69-208056946B7A} = {0E08D125-881A-494B-B61D-4AA73939474A}
		{D43D458E-2BCA-42B2-A207-B7B4F5FA42F9} = {0E08D125-881A-494B-B61D-4AA73939474A}
		{1C153813-A60A-4704-BA1E-3256AEBBF278} = {D43D458E-2BCA-42B2-A207-B7B4F5FA42F9}
		{77B7C404-36BD-478F-9F7F-F14A1DB8B8A3} = {D43D458E-2BCA-42B2-A207-B7B4F5FA42F9}
	EndGlobalSection
	GlobalSection(ExtensibilityGlobals) = postSolution
		SolutionGuid = {9684AE61-1CB6-400A-9CCD-157BB6173E40}
	EndGlobalSection
EndGlobal
